
Microsoft Visual Studio Solution File, Format Version 12.00

# Visual Studio Version 17
VisualStudioVersion = 17.7.34031.279
MinimumVisualStudioVersion = 10.0.40219.1

Project("{FAE04EC0-301F-11D3-BF4B-00C04F79EFBC}") = "Planner.Service", "planner\Planner.Service\Planner.Service.csproj", "{F2179814-BD64-4553-A342-D822CCB3F3F0}"
EndProject
Project("{FAE04EC0-301F-11D3-BF4B-00C04F79EFBC}") = "Planner.DataAccess", "planner\Planner.DataAccess\Planner.DataAccess.csproj", "{6C4BA99F-3446-4155-B64B-B84F3B9E21B6}"
EndProject
Project("{FAE04EC0-301F-11D3-BF4B-00C04F79EFBC}") = "Planner.BL", "planner\Planner.BL\Planner.BL.csproj", "{00B4EA12-B748-4EFA-A9E6-F35225F4E536}"
EndProject
Project("{FAE04EC0-301F-11D3-BF4B-00C04F79EFBC}") = "Planner.Repository", "planner\Planner.Repository\Planner.Repository.csproj", "{5CA487E7-EF77-4553-A50E-F29F9C11B7F5}"
EndProject
Global
	GlobalSection(SolutionConfigurationPlatforms) = preSolution
		Debug|Any CPU = Debug|Any CPU
		Release|Any CPU = Release|Any CPU
	EndGlobalSection
	GlobalSection(ProjectConfigurationPlatforms) = postSolution
		{F2179814-BD64-4553-A342-D822CCB3F3F0}.Debug|Any CPU.ActiveCfg = Debug|Any CPU
		{F2179814-BD64-4553-A342-D822CCB3F3F0}.Debug|Any CPU.Build.0 = Debug|Any CPU
		{F2179814-BD64-4553-A342-D822CCB3F3F0}.Release|Any CPU.ActiveCfg = Release|Any CPU
		{F2179814-BD64-4553-A342-D822CCB3F3F0}.Release|Any CPU.Build.0 = Release|Any CPU
		
		{6C4BA99F-3446-4155-B64B-B84F3B9E21B6}.Debug|Any CPU.ActiveCfg = Debug|Any CPU
		{6C4BA99F-3446-4155-B64B-B84F3B9E21B6}.Debug|Any CPU.Build.0 = Debug|Any CPU
		{6C4BA99F-3446-4155-B64B-B84F3B9E21B6}.Release|Any CPU.ActiveCfg = Release|Any CPU
		{6C4BA99F-3446-4155-B64B-B84F3B9E21B6}.Release|Any CPU.Build.0 = Release|Any CPU
		
		{00B4EA12-B748-4EFA-A9E6-F35225F4E536}.Debug|Any CPU.ActiveCfg = Debug|Any CPU
		{00B4EA12-B748-4EFA-A9E6-F35225F4E536}.Debug|Any CPU.Build.0 = Debug|Any CPU
		{00B4EA12-B748-4EFA-A9E6-F35225F4E536}.Release|Any CPU.ActiveCfg = Release|Any CPU
		{00B4EA12-B748-4EFA-A9E6-F35225F4E536}.Release|Any CPU.Build.0 = Release|Any CPU
								
		{5CA487E7-EF77-4553-A50E-F29F9C11B7F5}.Debug|Any CPU.ActiveCfg = Debug|Any CPU
        {5CA487E7-EF77-4553-A50E-F29F9C11B7F5}.Debug|Any CPU.Build.0 = Debug|Any CPU
        {5CA487E7-EF77-4553-A50E-F29F9C11B7F5}.Release|Any CPU.ActiveCfg = Release|Any CPU
        {5CA487E7-EF77-4553-A50E-F29F9C11B7F5}.Release|Any CPU.Build.0 = Release|Any CPU
	EndGlobalSection
EndGlobal
